
Microsoft Visual Studio Solution File, Format Version 12.00
# Visual Studio Version 17
VisualStudioVersion = 17.1.32414.318
MinimumVisualStudioVersion = 10.0.40219.1
Project("{FAE04EC0-301F-11D3-BF4B-00C04F79EFBC}") = "DotNet.FindConflictingReferences", "DotNet.FindConflictingReferences\DotNet.FindConflictingReferences.csproj", "{9569B8EC-851F-4191-8EDC-3FB421509344}"
EndProject
Global
	GlobalSection(SolutionConfigurationPlatforms) = preSolution
		Debug|Any CPU = Debug|Any CPU
		Release|Any CPU = Release|Any CPU
	EndGlobalSection
	GlobalSection(ProjectConfigurationPlatforms) = postSolution
		{9569B8EC-851F-4191-8EDC-3FB421509344}.Debug|Any CPU.ActiveCfg = Debug|Any CPU
		{9569B8EC-851F-4191-8EDC-3FB421509344}.Debug|Any CPU.Build.0 = Debug|Any CPU
		{9569B8EC-851F-4191-8EDC-3FB421509344}.Release|Any CPU.ActiveCfg = Release|Any CPU
		{9569B8EC-851F-4191-8EDC-3FB421509344}.Release|Any CPU.Build.0 = Release|Any CPU
	EndGlobalSection
	GlobalSection(SolutionProperties) = preSolution
		HideSolutionNode = FALSE
	EndGlobalSection
	GlobalSection(ExtensibilityGlobals) = postSolution
		SolutionGuid = {48B12981-E7A5-481F-9F6D-528AE1E2F03B}
	EndGlobalSection
EndGlobal
